
Microsoft Visual Studio Solution File, Format Version 12.00
# Visual Studio Version 16
VisualStudioVersion = 16.0.31313.79
MinimumVisualStudioVersion = 10.0.40219.1
Project("{FAE04EC0-301F-11D3-BF4B-00C04F79EFBC}") = "Metodos y Arrays - C2 Ej8", "Metodos y Arrays - C2 Ej8\Metodos y Arrays - C2 Ej8.csproj", "{585A37EA-0200-46C0-ACC6-4299086F7728}"
EndProject
Global
	GlobalSection(SolutionConfigurationPlatforms) = preSolution
		Debug|Any CPU = Debug|Any CPU
		Release|Any CPU = Release|Any CPU
	EndGlobalSection
	GlobalSection(ProjectConfigurationPlatforms) = postSolution
		{585A37EA-0200-46C0-ACC6-4299086F7728}.Debug|Any CPU.ActiveCfg = Debug|Any CPU
		{585A37EA-0200-46C0-ACC6-4299086F7728}.Debug|Any CPU.Build.0 = Debug|Any CPU
		{585A37EA-0200-46C0-ACC6-4299086F7728}.Release|Any CPU.ActiveCfg = Release|Any CPU
		{585A37EA-0200-46C0-ACC6-4299086F7728}.Release|Any CPU.Build.0 = Release|Any CPU
	EndGlobalSection
	GlobalSection(SolutionProperties) = preSolution
		HideSolutionNode = FALSE
	EndGlobalSection
	GlobalSection(ExtensibilityGlobals) = postSolution
		SolutionGuid = {7EF21189-82BD-4865-BB35-4BAD3F05464F}
	EndGlobalSection
EndGlobal
